
Microsoft Visual Studio Solution File, Format Version 12.00
# Visual Studio Version 17
VisualStudioVersion = 17.2.32526.322
MinimumVisualStudioVersion = 10.0.40219.1
Project("{E53339B2-1760-4266-BCC7-CA923CBCF16C}") = "docker-compose", "docker-compose.dcproj", "{94EAA707-D919-4F81-8605-EBBDEB976C7A}"
EndProject
Project("{9A19103F-16F7-4668-BE54-9A1E7A4F7556}") = "KafkaConsumer", "KafkaConsumer\KafkaConsumer.csproj", "{D4A45D1C-54EA-4295-BC98-DBE28A92DC16}"
EndProject
Project("{9A19103F-16F7-4668-BE54-9A1E7A4F7556}") = "KafkaProducer", "KafkaProducer\KafkaProducer.csproj", "{9738FB76-EA11-4443-B818-29F52EAE25E4}"
EndProject
Global
	GlobalSection(SolutionConfigurationPlatforms) = preSolution
		Debug|Any CPU = Debug|Any CPU
		Release|Any CPU = Release|Any CPU
	EndGlobalSection
	GlobalSection(ProjectConfigurationPlatforms) = postSolution
		{94EAA707-D919-4F81-8605-EBBDEB976C7A}.Debug|Any CPU.ActiveCfg = Debug|Any CPU
		{94EAA707-D919-4F81-8605-EBBDEB976C7A}.Debug|Any CPU.Build.0 = Debug|Any CPU
		{94EAA707-D919-4F81-8605-EBBDEB976C7A}.Release|Any CPU.ActiveCfg = Release|Any CPU
		{94EAA707-D919-4F81-8605-EBBDEB976C7A}.Release|Any CPU.Build.0 = Release|Any CPU
		{D4A45D1C-54EA-4295-BC98-DBE28A92DC16}.Debug|Any CPU.ActiveCfg = Debug|Any CPU
		{D4A45D1C-54EA-4295-BC98-DBE28A92DC16}.Debug|Any CPU.Build.0 = Debug|Any CPU
		{D4A45D1C-54EA-4295-BC98-DBE28A92DC16}.Release|Any CPU.ActiveCfg = Release|Any CPU
		{D4A45D1C-54EA-4295-BC98-DBE28A92DC16}.Release|Any CPU.Build.0 = Release|Any CPU
		{9738FB76-EA11-4443-B818-29F52EAE25E4}.Debug|Any CPU.ActiveCfg = Debug|Any CPU
		{9738FB76-EA11-4443-B818-29F52EAE25E4}.Debug|Any CPU.Build.0 = Debug|Any CPU
		{9738FB76-EA11-4443-B818-29F52EAE25E4}.Release|Any CPU.ActiveCfg = Release|Any CPU
		{9738FB76-EA11-4443-B818-29F52EAE25E4}.Release|Any CPU.Build.0 = Release|Any CPU
	EndGlobalSection
	GlobalSection(SolutionProperties) = preSolution
		HideSolutionNode = FALSE
	EndGlobalSection
	GlobalSection(ExtensibilityGlobals) = postSolution
		SolutionGuid = {1EEF3221-9DA1-4C50-A617-ED2E57A6627A}
	EndGlobalSection
EndGlobal
